// !$*UTF8*$!
{
	archiveVersion = 1;
	classes = {
	};
	objectVersion = 50;
	objects = {

/* Begin PBXBuildFile section */
		0F7BABAC20E61F00003F72DB /* SessionManager.swift in Sources */ = {isa = PBXBuildFile; fileRef = 0F7BABAB20E61F00003F72DB /* SessionManager.swift */; };
		0F7BABAE20E620D5003F72DB /* User.swift in Sources */ = {isa = PBXBuildFile; fileRef = 0F7BABAD20E620D5003F72DB /* User.swift */; };
		0F7BABB020E623D5003F72DB /* Localizable.strings in Resources */ = {isa = PBXBuildFile; fileRef = 0F7BABAF20E623D5003F72DB /* Localizable.strings */; };
		0F7BABB220E623ED003F72DB /* String.swift in Sources */ = {isa = PBXBuildFile; fileRef = 0F7BABB120E623ED003F72DB /* String.swift */; };
		0F7BABB620E63351003F72DB /* Fish.swift in Sources */ = {isa = PBXBuildFile; fileRef = 0F7BABB520E63351003F72DB /* Fish.swift */; };
		0F7BABB820E6335A003F72DB /* Aquarium.swift in Sources */ = {isa = PBXBuildFile; fileRef = 0F7BABB720E6335A003F72DB /* Aquarium.swift */; };
		0F7BABBA20E638BD003F72DB /* CreateAquarium.swift in Sources */ = {isa = PBXBuildFile; fileRef = 0F7BABB920E638BD003F72DB /* CreateAquarium.swift */; };
		0F7BABBD20E638FA003F72DB /* CreateAquarium.storyboard in Resources */ = {isa = PBXBuildFile; fileRef = 0F7BABBC20E638FA003F72DB /* CreateAquarium.storyboard */; };
		0FB6935A208CEB1400CEED01 /* AppDelegate.swift in Sources */ = {isa = PBXBuildFile; fileRef = 0FB69359208CEB1400CEED01 /* AppDelegate.swift */; };
		0FB6935F208CEB1400CEED01 /* Main.storyboard in Resources */ = {isa = PBXBuildFile; fileRef = 0FB6935D208CEB1400CEED01 /* Main.storyboard */; };
		0FB69361208CEB1500CEED01 /* Assets.xcassets in Resources */ = {isa = PBXBuildFile; fileRef = 0FB69360208CEB1500CEED01 /* Assets.xcassets */; };
		0FB69364208CEB1500CEED01 /* LaunchScreen.storyboard in Resources */ = {isa = PBXBuildFile; fileRef = 0FB69362208CEB1500CEED01 /* LaunchScreen.storyboard */; };
		0FB6936C208CEC2200CEED01 /* HomeVC.swift in Sources */ = {isa = PBXBuildFile; fileRef = 0FB6936B208CEC2200CEED01 /* HomeVC.swift */; };
		0FB6936E208CEC7E00CEED01 /* LoginVC.swift in Sources */ = {isa = PBXBuildFile; fileRef = 0FB6936D208CEC7E00CEED01 /* LoginVC.swift */; };
		0FB69371208CEC9300CEED01 /* Login.storyboard in Resources */ = {isa = PBXBuildFile; fileRef = 0FB69370208CEC9300CEED01 /* Login.storyboard */; };
		0FB69373208CED1300CEED01 /* DefaultVC.swift in Sources */ = {isa = PBXBuildFile; fileRef = 0FB69372208CED1300CEED01 /* DefaultVC.swift */; };
		0FB69375208CEF9800CEED01 /* CreateAccountVC.swift in Sources */ = {isa = PBXBuildFile; fileRef = 0FB69374208CEF9800CEED01 /* CreateAccountVC.swift */; };
		0FB69378208CEFC100CEED01 /* CreateAccount.storyboard in Resources */ = {isa = PBXBuildFile; fileRef = 0FB69377208CEFC100CEED01 /* CreateAccount.storyboard */; };
		0FB91FE620F294B700604DCD /* UpdateFishVC.swift in Sources */ = {isa = PBXBuildFile; fileRef = 0FB91FE520F294B700604DCD /* UpdateFishVC.swift */; };
		0FE8129D20F23EE1000E5F64 /* FoodConfiguration.swift in Sources */ = {isa = PBXBuildFile; fileRef = 0FE8129C20F23EE1000E5F64 /* FoodConfiguration.swift */; };
		0FE812A120F288C5000E5F64 /* UpdateFishInAquariumVC.swift in Sources */ = {isa = PBXBuildFile; fileRef = 0FE812A020F288C5000E5F64 /* UpdateFishInAquariumVC.swift */; };
		0FFC06E420E92352008D7CBE /* ListAquariumVC.swift in Sources */ = {isa = PBXBuildFile; fileRef = 0FFC06E320E92352008D7CBE /* ListAquariumVC.swift */; };
		0FFC06E720E923B9008D7CBE /* ListAquarium.storyboard in Resources */ = {isa = PBXBuildFile; fileRef = 0FFC06E620E923B9008D7CBE /* ListAquarium.storyboard */; };
		0FFC06E920E92417008D7CBE /* AquariumListCell.xib in Resources */ = {isa = PBXBuildFile; fileRef = 0FFC06E820E92417008D7CBE /* AquariumListCell.xib */; };
		0FFC06EB20E92465008D7CBE /* AquariumListCell.swift in Sources */ = {isa = PBXBuildFile; fileRef = 0FFC06EA20E92465008D7CBE /* AquariumListCell.swift */; };
		0FFC06ED20E92642008D7CBE /* UIColor.swift in Sources */ = {isa = PBXBuildFile; fileRef = 0FFC06EC20E92642008D7CBE /* UIColor.swift */; };
		0FFC06F220E93428008D7CBE /* CreateFishVC.swift in Sources */ = {isa = PBXBuildFile; fileRef = 0FFC06F120E93428008D7CBE /* CreateFishVC.swift */; };
		0FFC06F420E93431008D7CBE /* CreateFish.storyboard in Resources */ = {isa = PBXBuildFile; fileRef = 0FFC06F320E93431008D7CBE /* CreateFish.storyboard */; };
		0FFC06F620E934A4008D7CBE /* Species.swift in Sources */ = {isa = PBXBuildFile; fileRef = 0FFC06F520E934A4008D7CBE /* Species.swift */; };
		0FFC06F820E938DC008D7CBE /* ListFishesVC.swift in Sources */ = {isa = PBXBuildFile; fileRef = 0FFC06F720E938DC008D7CBE /* ListFishesVC.swift */; };
		0FFC06FB20E938F7008D7CBE /* ListFishes.storyboard in Resources */ = {isa = PBXBuildFile; fileRef = 0FFC06FA20E938F7008D7CBE /* ListFishes.storyboard */; };
		0FFC06FD20E94C88008D7CBE /* DetailAquariumVC.swift in Sources */ = {isa = PBXBuildFile; fileRef = 0FFC06FC20E94C88008D7CBE /* DetailAquariumVC.swift */; };
		0FFC070020E94CAE008D7CBE /* DetailFishVC.swift in Sources */ = {isa = PBXBuildFile; fileRef = 0FFC06FF20E94CAE008D7CBE /* DetailFishVC.swift */; };
		0FFC070320E94D39008D7CBE /* DetailAquarium.storyboard in Resources */ = {isa = PBXBuildFile; fileRef = 0FFC070220E94D39008D7CBE /* DetailAquarium.storyboard */; };
		0FFC070520E94D45008D7CBE /* DetailFish.storyboard in Resources */ = {isa = PBXBuildFile; fileRef = 0FFC070420E94D45008D7CBE /* DetailFish.storyboard */; };
		0FFC070720ED4CF1008D7CBE /* SimpleCell.swift in Sources */ = {isa = PBXBuildFile; fileRef = 0FFC070620ED4CF1008D7CBE /* SimpleCell.swift */; };
		0FFC070920ED4CFC008D7CBE /* SimpleCell.xib in Resources */ = {isa = PBXBuildFile; fileRef = 0FFC070820ED4CFC008D7CBE /* SimpleCell.xib */; };
		9E5428A205DB8B973EB863B2 /* Pods_ProjetAnnuel.framework in Frameworks */ = {isa = PBXBuildFile; fileRef = 4244BE9500A3C33AF78F56DA /* Pods_ProjetAnnuel.framework */; };
/* End PBXBuildFile section */

/* Begin PBXFileReference section */
		0F7BABAB20E61F00003F72DB /* SessionManager.swift */ = {isa = PBXFileReference; lastKnownFileType = sourcecode.swift; path = SessionManager.swift; sourceTree = "<group>"; };
		0F7BABAD20E620D5003F72DB /* User.swift */ = {isa = PBXFileReference; lastKnownFileType = sourcecode.swift; path = User.swift; sourceTree = "<group>"; };
		0F7BABAF20E623D5003F72DB /* Localizable.strings */ = {isa = PBXFileReference; lastKnownFileType = text.plist.strings; path = Localizable.strings; sourceTree = "<group>"; };
		0F7BABB120E623ED003F72DB /* String.swift */ = {isa = PBXFileReference; lastKnownFileType = sourcecode.swift; path = String.swift; sourceTree = "<group>"; };
		0F7BABB520E63351003F72DB /* Fish.swift */ = {isa = PBXFileReference; lastKnownFileType = sourcecode.swift; path = Fish.swift; sourceTree = "<group>"; };
		0F7BABB720E6335A003F72DB /* Aquarium.swift */ = {isa = PBXFileReference; lastKnownFileType = sourcecode.swift; path = Aquarium.swift; sourceTree = "<group>"; };
		0F7BABB920E638BD003F72DB /* CreateAquarium.swift */ = {isa = PBXFileReference; lastKnownFileType = sourcecode.swift; path = CreateAquarium.swift; sourceTree = "<group>"; };
		0F7BABBC20E638FA003F72DB /* CreateAquarium.storyboard */ = {isa = PBXFileReference; lastKnownFileType = file.storyboard; path = CreateAquarium.storyboard; sourceTree = "<group>"; };
		0FB69356208CEB1400CEED01 /* ProjetAnnuel.app */ = {isa = PBXFileReference; explicitFileType = wrapper.application; includeInIndex = 0; path = ProjetAnnuel.app; sourceTree = BUILT_PRODUCTS_DIR; };
		0FB69359208CEB1400CEED01 /* AppDelegate.swift */ = {isa = PBXFileReference; lastKnownFileType = sourcecode.swift; path = AppDelegate.swift; sourceTree = "<group>"; };
		0FB6935E208CEB1400CEED01 /* Base */ = {isa = PBXFileReference; lastKnownFileType = file.storyboard; name = Base; path = Base.lproj/Main.storyboard; sourceTree = "<group>"; };
		0FB69360208CEB1500CEED01 /* Assets.xcassets */ = {isa = PBXFileReference; lastKnownFileType = folder.assetcatalog; path = Assets.xcassets; sourceTree = "<group>"; };
		0FB69363208CEB1500CEED01 /* Base */ = {isa = PBXFileReference; lastKnownFileType = file.storyboard; name = Base; path = Base.lproj/LaunchScreen.storyboard; sourceTree = "<group>"; };
		0FB69365208CEB1500CEED01 /* Info.plist */ = {isa = PBXFileReference; lastKnownFileType = text.plist.xml; path = Info.plist; sourceTree = "<group>"; };
		0FB6936B208CEC2200CEED01 /* HomeVC.swift */ = {isa = PBXFileReference; lastKnownFileType = sourcecode.swift; path = HomeVC.swift; sourceTree = "<group>"; };
		0FB6936D208CEC7E00CEED01 /* LoginVC.swift */ = {isa = PBXFileReference; lastKnownFileType = sourcecode.swift; path = LoginVC.swift; sourceTree = "<group>"; };
		0FB69370208CEC9300CEED01 /* Login.storyboard */ = {isa = PBXFileReference; lastKnownFileType = file.storyboard; path = Login.storyboard; sourceTree = "<group>"; };
		0FB69372208CED1300CEED01 /* DefaultVC.swift */ = {isa = PBXFileReference; lastKnownFileType = sourcecode.swift; path = DefaultVC.swift; sourceTree = "<group>"; };
		0FB69374208CEF9800CEED01 /* CreateAccountVC.swift */ = {isa = PBXFileReference; lastKnownFileType = sourcecode.swift; path = CreateAccountVC.swift; sourceTree = "<group>"; };
		0FB69377208CEFC100CEED01 /* CreateAccount.storyboard */ = {isa = PBXFileReference; lastKnownFileType = file.storyboard; path = CreateAccount.storyboard; sourceTree = "<group>"; };
		0FB91FE520F294B700604DCD /* UpdateFishVC.swift */ = {isa = PBXFileReference; lastKnownFileType = sourcecode.swift; path = UpdateFishVC.swift; sourceTree = "<group>"; };
		0FE8129C20F23EE1000E5F64 /* FoodConfiguration.swift */ = {isa = PBXFileReference; lastKnownFileType = sourcecode.swift; path = FoodConfiguration.swift; sourceTree = "<group>"; };
		0FE812A020F288C5000E5F64 /* UpdateFishInAquariumVC.swift */ = {isa = PBXFileReference; lastKnownFileType = sourcecode.swift; path = UpdateFishInAquariumVC.swift; sourceTree = "<group>"; };
		0FFC06E320E92352008D7CBE /* ListAquariumVC.swift */ = {isa = PBXFileReference; lastKnownFileType = sourcecode.swift; path = ListAquariumVC.swift; sourceTree = "<group>"; };
		0FFC06E620E923B9008D7CBE /* ListAquarium.storyboard */ = {isa = PBXFileReference; lastKnownFileType = file.storyboard; path = ListAquarium.storyboard; sourceTree = "<group>"; };
		0FFC06E820E92417008D7CBE /* AquariumListCell.xib */ = {isa = PBXFileReference; lastKnownFileType = file.xib; path = AquariumListCell.xib; sourceTree = "<group>"; };
		0FFC06EA20E92465008D7CBE /* AquariumListCell.swift */ = {isa = PBXFileReference; lastKnownFileType = sourcecode.swift; path = AquariumListCell.swift; sourceTree = "<group>"; };
		0FFC06EC20E92642008D7CBE /* UIColor.swift */ = {isa = PBXFileReference; lastKnownFileType = sourcecode.swift; path = UIColor.swift; sourceTree = "<group>"; };
		0FFC06F120E93428008D7CBE /* CreateFishVC.swift */ = {isa = PBXFileReference; lastKnownFileType = sourcecode.swift; path = CreateFishVC.swift; sourceTree = "<group>"; };
		0FFC06F320E93431008D7CBE /* CreateFish.storyboard */ = {isa = PBXFileReference; lastKnownFileType = file.storyboard; path = CreateFish.storyboard; sourceTree = "<group>"; };
		0FFC06F520E934A4008D7CBE /* Species.swift */ = {isa = PBXFileReference; lastKnownFileType = sourcecode.swift; path = Species.swift; sourceTree = "<group>"; };
		0FFC06F720E938DC008D7CBE /* ListFishesVC.swift */ = {isa = PBXFileReference; lastKnownFileType = sourcecode.swift; path = ListFishesVC.swift; sourceTree = "<group>"; };
		0FFC06FA20E938F7008D7CBE /* ListFishes.storyboard */ = {isa = PBXFileReference; lastKnownFileType = file.storyboard; path = ListFishes.storyboard; sourceTree = "<group>"; };
		0FFC06FC20E94C88008D7CBE /* DetailAquariumVC.swift */ = {isa = PBXFileReference; lastKnownFileType = sourcecode.swift; path = DetailAquariumVC.swift; sourceTree = "<group>"; };
		0FFC06FF20E94CAE008D7CBE /* DetailFishVC.swift */ = {isa = PBXFileReference; lastKnownFileType = sourcecode.swift; path = DetailFishVC.swift; sourceTree = "<group>"; };
		0FFC070220E94D39008D7CBE /* DetailAquarium.storyboard */ = {isa = PBXFileReference; lastKnownFileType = file.storyboard; path = DetailAquarium.storyboard; sourceTree = "<group>"; };
		0FFC070420E94D45008D7CBE /* DetailFish.storyboard */ = {isa = PBXFileReference; lastKnownFileType = file.storyboard; path = DetailFish.storyboard; sourceTree = "<group>"; };
		0FFC070620ED4CF1008D7CBE /* SimpleCell.swift */ = {isa = PBXFileReference; lastKnownFileType = sourcecode.swift; path = SimpleCell.swift; sourceTree = "<group>"; };
		0FFC070820ED4CFC008D7CBE /* SimpleCell.xib */ = {isa = PBXFileReference; lastKnownFileType = file.xib; path = SimpleCell.xib; sourceTree = "<group>"; };
		230312403EA7A80985C223E5 /* Pods-ProjetAnnuel.release.xcconfig */ = {isa = PBXFileReference; includeInIndex = 1; lastKnownFileType = text.xcconfig; name = "Pods-ProjetAnnuel.release.xcconfig"; path = "Pods/Target Support Files/Pods-ProjetAnnuel/Pods-ProjetAnnuel.release.xcconfig"; sourceTree = "<group>"; };
		4244BE9500A3C33AF78F56DA /* Pods_ProjetAnnuel.framework */ = {isa = PBXFileReference; explicitFileType = wrapper.framework; includeInIndex = 0; path = Pods_ProjetAnnuel.framework; sourceTree = BUILT_PRODUCTS_DIR; };
		6CFD5A073C466997E53E9752 /* Pods-ProjetAnnuel.debug.xcconfig */ = {isa = PBXFileReference; includeInIndex = 1; lastKnownFileType = text.xcconfig; name = "Pods-ProjetAnnuel.debug.xcconfig"; path = "Pods/Target Support Files/Pods-ProjetAnnuel/Pods-ProjetAnnuel.debug.xcconfig"; sourceTree = "<group>"; };
/* End PBXFileReference section */

/* Begin PBXFrameworksBuildPhase section */
		0FB69353208CEB1400CEED01 /* Frameworks */ = {
			isa = PBXFrameworksBuildPhase;
			buildActionMask = 2147483647;
			files = (
				9E5428A205DB8B973EB863B2 /* Pods_ProjetAnnuel.framework in Frameworks */,
			);
			runOnlyForDeploymentPostprocessing = 0;
		};
/* End PBXFrameworksBuildPhase section */

/* Begin PBXGroup section */
		0F2A38FC20D6848B00636EF3 /* Home */ = {
			isa = PBXGroup;
			children = (
				0FB6936B208CEC2200CEED01 /* HomeVC.swift */,
				0FB6935D208CEB1400CEED01 /* Main.storyboard */,
			);
			path = Home;
			sourceTree = "<group>";
		};
		0F7BABA820E6102C003F72DB /* Model */ = {
			isa = PBXGroup;
			children = (
				0F7BABAD20E620D5003F72DB /* User.swift */,
				0F7BABB520E63351003F72DB /* Fish.swift */,
				0F7BABB720E6335A003F72DB /* Aquarium.swift */,
				0FFC06F520E934A4008D7CBE /* Species.swift */,
				0FE8129C20F23EE1000E5F64 /* FoodConfiguration.swift */,
			);
			path = Model;
			sourceTree = "<group>";
		};
		0F7BABB320E6264C003F72DB /* Extension */ = {
			isa = PBXGroup;
			children = (
				0F7BABB120E623ED003F72DB /* String.swift */,
				0FFC06EC20E92642008D7CBE /* UIColor.swift */,
			);
			path = Extension;
			sourceTree = "<group>";
		};
		0F7BABB420E62663003F72DB /* Common */ = {
			isa = PBXGroup;
			children = (
				0FB69372208CED1300CEED01 /* DefaultVC.swift */,
				0F7BABAB20E61F00003F72DB /* SessionManager.swift */,
				0F7BABAF20E623D5003F72DB /* Localizable.strings */,
				0FFC070620ED4CF1008D7CBE /* SimpleCell.swift */,
				0FFC070820ED4CFC008D7CBE /* SimpleCell.xib */,
			);
			path = Common;
			sourceTree = "<group>";
		};
		0F7BABBB20E638D1003F72DB /* CreateAquarium */ = {
			isa = PBXGroup;
			children = (
				0F7BABB920E638BD003F72DB /* CreateAquarium.swift */,
				0F7BABBC20E638FA003F72DB /* CreateAquarium.storyboard */,
			);
			path = CreateAquarium;
			sourceTree = "<group>";
		};
		0FB6934D208CEB1400CEED01 = {
			isa = PBXGroup;
			children = (
				0FB69358208CEB1400CEED01 /* ProjetAnnuel */,
				0FB69357208CEB1400CEED01 /* Products */,
				715F887BD554319B7351797E /* Pods */,
				C253B1CA2F985F02D10F05ED /* Frameworks */,
			);
			sourceTree = "<group>";
		};
		0FB69357208CEB1400CEED01 /* Products */ = {
			isa = PBXGroup;
			children = (
				0FB69356208CEB1400CEED01 /* ProjetAnnuel.app */,
			);
			name = Products;
			sourceTree = "<group>";
		};
		0FB69358208CEB1400CEED01 /* ProjetAnnuel */ = {
			isa = PBXGroup;
			children = (
				0FB69359208CEB1400CEED01 /* AppDelegate.swift */,
				0FB69360208CEB1500CEED01 /* Assets.xcassets */,
				0FB69362208CEB1500CEED01 /* LaunchScreen.storyboard */,
				0FB69365208CEB1500CEED01 /* Info.plist */,
				0F7BABB420E62663003F72DB /* Common */,
				0FB6936F208CEC8400CEED01 /* Login */,
				0FB69376208CEFA400CEED01 /* CreateAccount */,
				0F7BABBB20E638D1003F72DB /* CreateAquarium */,
				0FFC06F020E933FC008D7CBE /* CreateFish */,
				0F2A38FC20D6848B00636EF3 /* Home */,
				0FFC06E520E92379008D7CBE /* ListAquarium */,
				0FFC06F920E938E2008D7CBE /* ListFishes */,
				0F7BABA820E6102C003F72DB /* Model */,
				0F7BABB320E6264C003F72DB /* Extension */,
				0FFC06FE20E94C93008D7CBE /* DetailAquarium */,
				0FFC070120E94CB5008D7CBE /* DetailFish */,
				0FB91FE720F295C800604DCD /* UpdateFishVC */,
			);
			path = ProjetAnnuel;
			sourceTree = "<group>";
		};
		0FB6936F208CEC8400CEED01 /* Login */ = {
			isa = PBXGroup;
			children = (
				0FB6936D208CEC7E00CEED01 /* LoginVC.swift */,
				0FB69370208CEC9300CEED01 /* Login.storyboard */,
			);
			path = Login;
			sourceTree = "<group>";
		};
		0FB69376208CEFA400CEED01 /* CreateAccount */ = {
			isa = PBXGroup;
			children = (
				0FB69374208CEF9800CEED01 /* CreateAccountVC.swift */,
				0FB69377208CEFC100CEED01 /* CreateAccount.storyboard */,
			);
			path = CreateAccount;
			sourceTree = "<group>";
		};
		0FB91FE720F295C800604DCD /* UpdateFishVC */ = {
			isa = PBXGroup;
			children = (
				0FB91FE520F294B700604DCD /* UpdateFishVC.swift */,
			);
			path = UpdateFishVC;
			sourceTree = "<group>";
		};
		0FFC06E520E92379008D7CBE /* ListAquarium */ = {
			isa = PBXGroup;
			children = (
				0FFC06E320E92352008D7CBE /* ListAquariumVC.swift */,
				0FFC06E620E923B9008D7CBE /* ListAquarium.storyboard */,
				0FFC06EA20E92465008D7CBE /* AquariumListCell.swift */,
				0FFC06E820E92417008D7CBE /* AquariumListCell.xib */,
			);
			path = ListAquarium;
			sourceTree = "<group>";
		};
		0FFC06F020E933FC008D7CBE /* CreateFish */ = {
			isa = PBXGroup;
			children = (
				0FFC06F120E93428008D7CBE /* CreateFishVC.swift */,
				0FFC06F320E93431008D7CBE /* CreateFish.storyboard */,
			);
			path = CreateFish;
			sourceTree = "<group>";
		};
		0FFC06F920E938E2008D7CBE /* ListFishes */ = {
			isa = PBXGroup;
			children = (
				0FFC06F720E938DC008D7CBE /* ListFishesVC.swift */,
				0FFC06FA20E938F7008D7CBE /* ListFishes.storyboard */,
			);
			path = ListFishes;
			sourceTree = "<group>";
		};
		0FFC06FE20E94C93008D7CBE /* DetailAquarium */ = {
			isa = PBXGroup;
			children = (
				0FFC06FC20E94C88008D7CBE /* DetailAquariumVC.swift */,
				0FE812A020F288C5000E5F64 /* UpdateFishInAquariumVC.swift */,
				0FFC070220E94D39008D7CBE /* DetailAquarium.storyboard */,
			);
			path = DetailAquarium;
			sourceTree = "<group>";
		};
		0FFC070120E94CB5008D7CBE /* DetailFish */ = {
			isa = PBXGroup;
			children = (
				0FFC06FF20E94CAE008D7CBE /* DetailFishVC.swift */,
				0FFC070420E94D45008D7CBE /* DetailFish.storyboard */,
			);
			path = DetailFish;
			sourceTree = "<group>";
		};
		715F887BD554319B7351797E /* Pods */ = {
			isa = PBXGroup;
			children = (
				6CFD5A073C466997E53E9752 /* Pods-ProjetAnnuel.debug.xcconfig */,
				230312403EA7A80985C223E5 /* Pods-ProjetAnnuel.release.xcconfig */,
			);
			name = Pods;
			sourceTree = "<group>";
		};
		C253B1CA2F985F02D10F05ED /* Frameworks */ = {
			isa = PBXGroup;
			children = (
				4244BE9500A3C33AF78F56DA /* Pods_ProjetAnnuel.framework */,
			);
			name = Frameworks;
			sourceTree = "<group>";
		};
/* End PBXGroup section */

/* Begin PBXNativeTarget section */
		0FB69355208CEB1400CEED01 /* ProjetAnnuel */ = {
			isa = PBXNativeTarget;
			buildConfigurationList = 0FB69368208CEB1500CEED01 /* Build configuration list for PBXNativeTarget "ProjetAnnuel" */;
			buildPhases = (
				BF60B7B859FD949F43669743 /* [CP] Check Pods Manifest.lock */,
				0FB69352208CEB1400CEED01 /* Sources */,
				0FB69353208CEB1400CEED01 /* Frameworks */,
				0FB69354208CEB1400CEED01 /* Resources */,
				978E70596EEC8074A75E6A36 /* [CP] Embed Pods Frameworks */,
			);
			buildRules = (
			);
			dependencies = (
			);
			name = ProjetAnnuel;
			productName = ProjetAnnuel;
			productReference = 0FB69356208CEB1400CEED01 /* ProjetAnnuel.app */;
			productType = "com.apple.product-type.application";
		};
/* End PBXNativeTarget section */

/* Begin PBXProject section */
		0FB6934E208CEB1400CEED01 /* Project object */ = {
			isa = PBXProject;
			attributes = {
				LastSwiftUpdateCheck = 0930;
				LastUpgradeCheck = 0930;
				ORGANIZATIONNAME = AlkRox;
				TargetAttributes = {
					0FB69355208CEB1400CEED01 = {
						CreatedOnToolsVersion = 9.3;
					};
				};
			};
			buildConfigurationList = 0FB69351208CEB1400CEED01 /* Build configuration list for PBXProject "ProjetAnnuel" */;
			compatibilityVersion = "Xcode 9.3";
			developmentRegion = en;
			hasScannedForEncodings = 0;
			knownRegions = (
				en,
				Base,
			);
			mainGroup = 0FB6934D208CEB1400CEED01;
			productRefGroup = 0FB69357208CEB1400CEED01 /* Products */;
			projectDirPath = "";
			projectRoot = "";
			targets = (
				0FB69355208CEB1400CEED01 /* ProjetAnnuel */,
			);
		};
/* End PBXProject section */

/* Begin PBXResourcesBuildPhase section */
		0FB69354208CEB1400CEED01 /* Resources */ = {
			isa = PBXResourcesBuildPhase;
			buildActionMask = 2147483647;
			files = (
				0FB69371208CEC9300CEED01 /* Login.storyboard in Resources */,
				0FFC06E920E92417008D7CBE /* AquariumListCell.xib in Resources */,
				0FFC06F420E93431008D7CBE /* CreateFish.storyboard in Resources */,
				0F7BABBD20E638FA003F72DB /* CreateAquarium.storyboard in Resources */,
				0FFC070320E94D39008D7CBE /* DetailAquarium.storyboard in Resources */,
				0F7BABB020E623D5003F72DB /* Localizable.strings in Resources */,
				0FB69364208CEB1500CEED01 /* LaunchScreen.storyboard in Resources */,
				0FFC070920ED4CFC008D7CBE /* SimpleCell.xib in Resources */,
				0FFC070520E94D45008D7CBE /* DetailFish.storyboard in Resources */,
				0FB69378208CEFC100CEED01 /* CreateAccount.storyboard in Resources */,
				0FB69361208CEB1500CEED01 /* Assets.xcassets in Resources */,
				0FFC06FB20E938F7008D7CBE /* ListFishes.storyboard in Resources */,
				0FB6935F208CEB1400CEED01 /* Main.storyboard in Resources */,
				0FFC06E720E923B9008D7CBE /* ListAquarium.storyboard in Resources */,
			);
			runOnlyForDeploymentPostprocessing = 0;
		};
/* End PBXResourcesBuildPhase section */

/* Begin PBXShellScriptBuildPhase section */
		978E70596EEC8074A75E6A36 /* [CP] Embed Pods Frameworks */ = {
			isa = PBXShellScriptBuildPhase;
			buildActionMask = 2147483647;
			files = (
			);
			inputPaths = (
				"${SRCROOT}/Pods/Target Support Files/Pods-ProjetAnnuel/Pods-ProjetAnnuel-frameworks.sh",
				"${BUILT_PRODUCTS_DIR}/Alamofire/Alamofire.framework",
				"${BUILT_PRODUCTS_DIR}/AlamofireObjectMapper/AlamofireObjectMapper.framework",
				"${BUILT_PRODUCTS_DIR}/ObjectMapper/ObjectMapper.framework",
			);
			name = "[CP] Embed Pods Frameworks";
			outputPaths = (
				"${TARGET_BUILD_DIR}/${FRAMEWORKS_FOLDER_PATH}/Alamofire.framework",
				"${TARGET_BUILD_DIR}/${FRAMEWORKS_FOLDER_PATH}/AlamofireObjectMapper.framework",
				"${TARGET_BUILD_DIR}/${FRAMEWORKS_FOLDER_PATH}/ObjectMapper.framework",
			);
			runOnlyForDeploymentPostprocessing = 0;
			shellPath = /bin/sh;
			shellScript = "\"${SRCROOT}/Pods/Target Support Files/Pods-ProjetAnnuel/Pods-ProjetAnnuel-frameworks.sh\"\n";
			showEnvVarsInLog = 0;
		};
		BF60B7B859FD949F43669743 /* [CP] Check Pods Manifest.lock */ = {
			isa = PBXShellScriptBuildPhase;
			buildActionMask = 2147483647;
			files = (
			);
			inputPaths = (
				"${PODS_PODFILE_DIR_PATH}/Podfile.lock",
				"${PODS_ROOT}/Manifest.lock",
			);
			name = "[CP] Check Pods Manifest.lock";
			outputPaths = (
				"$(DERIVED_FILE_DIR)/Pods-ProjetAnnuel-checkManifestLockResult.txt",
			);
			runOnlyForDeploymentPostprocessing = 0;
			shellPath = /bin/sh;
			shellScript = "diff \"${PODS_PODFILE_DIR_PATH}/Podfile.lock\" \"${PODS_ROOT}/Manifest.lock\" > /dev/null\nif [ $? != 0 ] ; then\n    # print error to STDERR\n    echo \"error: The sandbox is not in sync with the Podfile.lock. Run 'pod install' or update your CocoaPods installation.\" >&2\n    exit 1\nfi\n# This output is used by Xcode 'outputs' to avoid re-running this script phase.\necho \"SUCCESS\" > \"${SCRIPT_OUTPUT_FILE_0}\"\n";
			showEnvVarsInLog = 0;
		};
/* End PBXShellScriptBuildPhase section */

/* Begin PBXSourcesBuildPhase section */
		0FB69352208CEB1400CEED01 /* Sources */ = {
			isa = PBXSourcesBuildPhase;
			buildActionMask = 2147483647;
			files = (
				0FB69373208CED1300CEED01 /* DefaultVC.swift in Sources */,
				0FFC06F820E938DC008D7CBE /* ListFishesVC.swift in Sources */,
				0FFC06ED20E92642008D7CBE /* UIColor.swift in Sources */,
				0FB6935A208CEB1400CEED01 /* AppDelegate.swift in Sources */,
				0FE8129D20F23EE1000E5F64 /* FoodConfiguration.swift in Sources */,
				0FFC06EB20E92465008D7CBE /* AquariumListCell.swift in Sources */,
				0FFC06F620E934A4008D7CBE /* Species.swift in Sources */,
				0F7BABB820E6335A003F72DB /* Aquarium.swift in Sources */,
				0FFC070020E94CAE008D7CBE /* DetailFishVC.swift in Sources */,
				0FB6936C208CEC2200CEED01 /* HomeVC.swift in Sources */,
				0FFC070720ED4CF1008D7CBE /* SimpleCell.swift in Sources */,
				0FE812A120F288C5000E5F64 /* UpdateFishInAquariumVC.swift in Sources */,
				0FB69375208CEF9800CEED01 /* CreateAccountVC.swift in Sources */,
				0FFC06E420E92352008D7CBE /* ListAquariumVC.swift in Sources */,
				0FB6936E208CEC7E00CEED01 /* LoginVC.swift in Sources */,
				0F7BABBA20E638BD003F72DB /* CreateAquarium.swift in Sources */,
				0FFC06FD20E94C88008D7CBE /* DetailAquariumVC.swift in Sources */,
				0F7BABAC20E61F00003F72DB /* SessionManager.swift in Sources */,
				0F7BABB220E623ED003F72DB /* String.swift in Sources */,
				0FB91FE620F294B700604DCD /* UpdateFishVC.swift in Sources */,
				0F7BABB620E63351003F72DB /* Fish.swift in Sources */,
				0FFC06F220E93428008D7CBE /* CreateFishVC.swift in Sources */,
				0F7BABAE20E620D5003F72DB /* User.swift in Sources */,
			);
			runOnlyForDeploymentPostprocessing = 0;
		};
/* End PBXSourcesBuildPhase section */

/* Begin PBXVariantGroup section */
		0FB6935D208CEB1400CEED01 /* Main.storyboard */ = {
			isa = PBXVariantGroup;
			children = (
				0FB6935E208CEB1400CEED01 /* Base */,
			);
			name = Main.storyboard;
			sourceTree = "<group>";
		};
		0FB69362208CEB1500CEED01 /* LaunchScreen.storyboard */ = {
			isa = PBXVariantGroup;
			children = (
				0FB69363208CEB1500CEED01 /* Base */,
			);
			name = LaunchScreen.storyboard;
			sourceTree = "<group>";
		};
/* End PBXVariantGroup section */

/* Begin XCBuildConfiguration section */
		0FB69366208CEB1500CEED01 /* Debug */ = {
			isa = XCBuildConfiguration;
			buildSettings = {
				ALWAYS_SEARCH_USER_PATHS = NO;
				CLANG_ANALYZER_NONNULL = YES;
				CLANG_ANALYZER_NUMBER_OBJECT_CONVERSION = YES_AGGRESSIVE;
				CLANG_CXX_LANGUAGE_STANDARD = "gnu++14";
				CLANG_CXX_LIBRARY = "libc++";
				CLANG_ENABLE_MODULES = YES;
				CLANG_ENABLE_OBJC_ARC = YES;
				CLANG_ENABLE_OBJC_WEAK = YES;
				CLANG_WARN_BLOCK_CAPTURE_AUTORELEASING = YES;
				CLANG_WARN_BOOL_CONVERSION = YES;
				CLANG_WARN_COMMA = YES;
				CLANG_WARN_CONSTANT_CONVERSION = YES;
				CLANG_WARN_DEPRECATED_OBJC_IMPLEMENTATIONS = YES;
				CLANG_WARN_DIRECT_OBJC_ISA_USAGE = YES_ERROR;
				CLANG_WARN_DOCUMENTATION_COMMENTS = YES;
				CLANG_WARN_EMPTY_BODY = YES;
				CLANG_WARN_ENUM_CONVERSION = YES;
				CLANG_WARN_INFINITE_RECURSION = YES;
				CLANG_WARN_INT_CONVERSION = YES;
				CLANG_WARN_NON_LITERAL_NULL_CONVERSION = YES;
				CLANG_WARN_OBJC_IMPLICIT_RETAIN_SELF = YES;
				CLANG_WARN_OBJC_LITERAL_CONVERSION = YES;
				CLANG_WARN_OBJC_ROOT_CLASS = YES_ERROR;
				CLANG_WARN_RANGE_LOOP_ANALYSIS = YES;
				CLANG_WARN_STRICT_PROTOTYPES = YES;
				CLANG_WARN_SUSPICIOUS_MOVE = YES;
				CLANG_WARN_UNGUARDED_AVAILABILITY = YES_AGGRESSIVE;
				CLANG_WARN_UNREACHABLE_CODE = YES;
				CLANG_WARN__DUPLICATE_METHOD_MATCH = YES;
				CODE_SIGN_IDENTITY = "iPhone Developer";
				COPY_PHASE_STRIP = NO;
				DEBUG_INFORMATION_FORMAT = dwarf;
				ENABLE_STRICT_OBJC_MSGSEND = YES;
				ENABLE_TESTABILITY = YES;
				GCC_C_LANGUAGE_STANDARD = gnu11;
				GCC_DYNAMIC_NO_PIC = NO;
				GCC_NO_COMMON_BLOCKS = YES;
				GCC_OPTIMIZATION_LEVEL = 0;
				GCC_PREPROCESSOR_DEFINITIONS = (
					"DEBUG=1",
					"$(inherited)",
				);
				GCC_WARN_64_TO_32_BIT_CONVERSION = YES;
				GCC_WARN_ABOUT_RETURN_TYPE = YES_ERROR;
				GCC_WARN_UNDECLARED_SELECTOR = YES;
				GCC_WARN_UNINITIALIZED_AUTOS = YES_AGGRESSIVE;
				GCC_WARN_UNUSED_FUNCTION = YES;
				GCC_WARN_UNUSED_VARIABLE = YES;
				IPHONEOS_DEPLOYMENT_TARGET = 11.3;
				MTL_ENABLE_DEBUG_INFO = YES;
				ONLY_ACTIVE_ARCH = YES;
				SDKROOT = iphoneos;
				SWIFT_ACTIVE_COMPILATION_CONDITIONS = DEBUG;
				SWIFT_OPTIMIZATION_LEVEL = "-Onone";
			};
			name = Debug;
		};
		0FB69367208CEB1500CEED01 /* Release */ = {
			isa = XCBuildConfiguration;
			buildSettings = {
				ALWAYS_SEARCH_USER_PATHS = NO;
				CLANG_ANALYZER_NONNULL = YES;
				CLANG_ANALYZER_NUMBER_OBJECT_CONVERSION = YES_AGGRESSIVE;
				CLANG_CXX_LANGUAGE_STANDARD = "gnu++14";
				CLANG_CXX_LIBRARY = "libc++";
				CLANG_ENABLE_MODULES = YES;
				CLANG_ENABLE_OBJC_ARC = YES;
				CLANG_ENABLE_OBJC_WEAK = YES;
				CLANG_WARN_BLOCK_CAPTURE_AUTORELEASING = YES;
				CLANG_WARN_BOOL_CONVERSION = YES;
				CLANG_WARN_COMMA = YES;
				CLANG_WARN_CONSTANT_CONVERSION = YES;
				CLANG_WARN_DEPRECATED_OBJC_IMPLEMENTATIONS = YES;
				CLANG_WARN_DIRECT_OBJC_ISA_USAGE = YES_ERROR;
				CLANG_WARN_DOCUMENTATION_COMMENTS = YES;
				CLANG_WARN_EMPTY_BODY = YES;
				CLANG_WARN_ENUM_CONVERSION = YES;
				CLANG_WARN_INFINITE_RECURSION = YES;
				CLANG_WARN_INT_CONVERSION = YES;
				CLANG_WARN_NON_LITERAL_NULL_CONVERSION = YES;
				CLANG_WARN_OBJC_IMPLICIT_RETAIN_SELF = YES;
				CLANG_WARN_OBJC_LITERAL_CONVERSION = YES;
				CLANG_WARN_OBJC_ROOT_CLASS = YES_ERROR;
				CLANG_WARN_RANGE_LOOP_ANALYSIS = YES;
				CLANG_WARN_STRICT_PROTOTYPES = YES;
				CLANG_WARN_SUSPICIOUS_MOVE = YES;
				CLANG_WARN_UNGUARDED_AVAILABILITY = YES_AGGRESSIVE;
				CLANG_WARN_UNREACHABLE_CODE = YES;
				CLANG_WARN__DUPLICATE_METHOD_MATCH = YES;
				CODE_SIGN_IDENTITY = "iPhone Developer";
				COPY_PHASE_STRIP = NO;
				DEBUG_INFORMATION_FORMAT = "dwarf-with-dsym";
				ENABLE_NS_ASSERTIONS = NO;
				ENABLE_STRICT_OBJC_MSGSEND = YES;
				GCC_C_LANGUAGE_STANDARD = gnu11;
				GCC_NO_COMMON_BLOCKS = YES;
				GCC_WARN_64_TO_32_BIT_CONVERSION = YES;
				GCC_WARN_ABOUT_RETURN_TYPE = YES_ERROR;
				GCC_WARN_UNDECLARED_SELECTOR = YES;
				GCC_WARN_UNINITIALIZED_AUTOS = YES_AGGRESSIVE;
				GCC_WARN_UNUSED_FUNCTION = YES;
				GCC_WARN_UNUSED_VARIABLE = YES;
				IPHONEOS_DEPLOYMENT_TARGET = 11.3;
				MTL_ENABLE_DEBUG_INFO = NO;
				SDKROOT = iphoneos;
				SWIFT_COMPILATION_MODE = wholemodule;
				SWIFT_OPTIMIZATION_LEVEL = "-O";
				VALIDATE_PRODUCT = YES;
			};
			name = Release;
		};
		0FB69369208CEB1500CEED01 /* Debug */ = {
			isa = XCBuildConfiguration;
			baseConfigurationReference = 6CFD5A073C466997E53E9752 /* Pods-ProjetAnnuel.debug.xcconfig */;
			buildSettings = {
				ASSETCATALOG_COMPILER_APPICON_NAME = AppIcon;
				CODE_SIGN_STYLE = Automatic;
				DEVELOPMENT_TEAM = TK3WEGDF68;
				INFOPLIST_FILE = ProjetAnnuel/Info.plist;
				LD_RUNPATH_SEARCH_PATHS = (
					"$(inherited)",
					"@executable_path/Frameworks",
				);
				PRODUCT_BUNDLE_IDENTIFIER = com.alkrox.ProjetAnnuel;
				PRODUCT_NAME = "$(TARGET_NAME)";
				SWIFT_VERSION = 4.0;
				TARGETED_DEVICE_FAMILY = "1,2";
			};
			name = Debug;
		};
		0FB6936A208CEB1500CEED01 /* Release */ = {
			isa = XCBuildConfiguration;
			baseConfigurationReference = 230312403EA7A80985C223E5 /* Pods-ProjetAnnuel.release.xcconfig */;
			buildSettings = {
				ASSETCATALOG_COMPILER_APPICON_NAME = AppIcon;
				CODE_SIGN_STYLE = Automatic;
				DEVELOPMENT_TEAM = TK3WEGDF68;
				INFOPLIST_FILE = ProjetAnnuel/Info.plist;
				LD_RUNPATH_SEARCH_PATHS = (
					"$(inherited)",
					"@executable_path/Frameworks",
				);
				PRODUCT_BUNDLE_IDENTIFIER = com.alkrox.ProjetAnnuel;
				PRODUCT_NAME = "$(TARGET_NAME)";
				SWIFT_VERSION = 4.0;
				TARGETED_DEVICE_FAMILY = "1,2";
			};
			name = Release;
		};
/* End XCBuildConfiguration section */

/* Begin XCConfigurationList section */
		0FB69351208CEB1400CEED01 /* Build configuration list for PBXProject "ProjetAnnuel" */ = {
			isa = XCConfigurationList;
			buildConfigurations = (
				0FB69366208CEB1500CEED01 /* Debug */,
				0FB69367208CEB1500CEED01 /* Release */,
			);
			defaultConfigurationIsVisible = 0;
			defaultConfigurationName = Release;
		};
		0FB69368208CEB1500CEED01 /* Build configuration list for PBXNativeTarget "ProjetAnnuel" */ = {
			isa = XCConfigurationList;
			buildConfigurations = (
				0FB69369208CEB1500CEED01 /* Debug */,
				0FB6936A208CEB1500CEED01 /* Release */,
			);
			defaultConfigurationIsVisible = 0;
			defaultConfigurationName = Release;
		};
/* End XCConfigurationList section */
	};
	rootObject = 0FB6934E208CEB1400CEED01 /* Project object */;
}
